
Microsoft Visual Studio Solution File, Format Version 12.00
# Visual Studio 15
VisualStudioVersion = 15.0.28307.852
MinimumVisualStudioVersion = 10.0.40219.1
Project("{FAE04EC0-301F-11D3-BF4B-00C04F79EFBC}") = "InServebooking", "InServebooking\InServebooking.csproj", "{74022208-318B-4112-9F91-7729C52A26A1}"
EndProject
Global
	GlobalSection(SolutionConfigurationPlatforms) = preSolution
		Debug|Any CPU = Debug|Any CPU
		Release|Any CPU = Release|Any CPU
	EndGlobalSection
	GlobalSection(ProjectConfigurationPlatforms) = postSolution
		{74022208-318B-4112-9F91-7729C52A26A1}.Debug|Any CPU.ActiveCfg = Debug|Any CPU
		{74022208-318B-4112-9F91-7729C52A26A1}.Debug|Any CPU.Build.0 = Debug|Any CPU
		{74022208-318B-4112-9F91-7729C52A26A1}.Release|Any CPU.ActiveCfg = Release|Any CPU
		{74022208-318B-4112-9F91-7729C52A26A1}.Release|Any CPU.Build.0 = Release|Any CPU
	EndGlobalSection
	GlobalSection(SolutionProperties) = preSolution
		HideSolutionNode = FALSE
	EndGlobalSection
	GlobalSection(ExtensibilityGlobals) = postSolution
		SolutionGuid = {B21ACB5B-436A-4FC7-A7F6-3CE44B5FEF6E}
	EndGlobalSection
EndGlobal
